
Microsoft Visual Studio Solution File, Format Version 12.00
# Visual Studio Version 17
VisualStudioVersion = 17.10.35122.118
MinimumVisualStudioVersion = 10.0.40219.1
Project("{FAE04EC0-301F-11D3-BF4B-00C04F79EFBC}") = "ecommerce_dash_api", "ecommerce_dash_api\ecommerce_dash_api.csproj", "{F4D8F940-4D4C-4580-BCFA-60CD7A3F0379}"
EndProject
Global
	GlobalSection(SolutionConfigurationPlatforms) = preSolution
		Debug|Any CPU = Debug|Any CPU
		Release|Any CPU = Release|Any CPU
	EndGlobalSection
	GlobalSection(ProjectConfigurationPlatforms) = postSolution
		{F4D8F940-4D4C-4580-BCFA-60CD7A3F0379}.Debug|Any CPU.ActiveCfg = Debug|Any CPU
		{F4D8F940-4D4C-4580-BCFA-60CD7A3F0379}.Debug|Any CPU.Build.0 = Debug|Any CPU
		{F4D8F940-4D4C-4580-BCFA-60CD7A3F0379}.Release|Any CPU.ActiveCfg = Release|Any CPU
		{F4D8F940-4D4C-4580-BCFA-60CD7A3F0379}.Release|Any CPU.Build.0 = Release|Any CPU
	EndGlobalSection
	GlobalSection(SolutionProperties) = preSolution
		HideSolutionNode = FALSE
	EndGlobalSection
	GlobalSection(ExtensibilityGlobals) = postSolution
		SolutionGuid = {2C5FF13E-956E-4E28-90F4-C34C8578A56D}
	EndGlobalSection
EndGlobal
